{
    "version": "0.5",
    "requires": [
        "zlib/1.3.1#b8bc2603263cf7eccbd6e17e66b0ed76%1733936244.862",
        "re2/20230301#e8d673155a0494f27c7589b611e8350d%1709641579.83",
        "protobuf/5.27.0#fe72d115daa683469cd940f0407ce55e%1732221812.443",
        "openssl/3.0.1w#a8f0792d7c5121b954578a7149d23e03%1717541485.78",
        "grpc/1.67.1#eae57ed8067bb53c6b0441a563b56d59%1730187183.939",
        "c-ares/1.34.3#55aa867c731f23300cd544f6d90a794d%1731428505.375",
        "abseil/20240116.2#d8154b2b740cafd4076b0d306dfc3d53%1733486517.472"
    ],
    "build_requires": [
        "zlib/1.3.1#b8bc2603263cf7eccbd6e17e66b0ed76%1733936244.862",
        "protobuf/5.27.0#fe72d115daa683469cd940f0407ce55e%1732221812.443",
        "abseil/20240116.2#d8154b2b740cafd4076b0d306dfc3d53%1733486517.472"
    ],
    "python_requires": [],
    "config_requires": []
}
